Microsoft Visual Studio Solution File, Format Version 8.00
Project("{FAE04EC0-301F-11D3-BF4B-00C04F79EFBC}") = "UnitTests", "UnitTests\UnitTests.csproj", "{FE26BEB4-9DA2-4E76-A578-A0CF66E23683}"
	ProjectSection(ProjectDependencies) = postProject
	EndProjectSection
EndProject
Project("{FAE04EC0-301F-11D3-BF4B-00C04F79EFBC}") = "Commons", "Commons\Commons.csproj", "{73DA1909-A592-4654-8E47-FD8982E851F9}"
	ProjectSection(ProjectDependencies) = postProject
	EndProjectSection
EndProject
Project("{FAE04EC0-301F-11D3-BF4B-00C04F79EFBC}") = "Emulator", "Emulator\Emulator.csproj", "{F96147B6-F00B-49D6-977D-F4F1C03FD63E}"
	ProjectSection(ProjectDependencies) = postProject
	EndProjectSection
EndProject
Project("{FAE04EC0-301F-11D3-BF4B-00C04F79EFBC}") = "Framework", "Framework\Framework.csproj", "{2D067D62-57B1-41F7-A457-23790A7EE5C7}"
	ProjectSection(ProjectDependencies) = postProject
	EndProjectSection
EndProject
Project("{FAE04EC0-301F-11D3-BF4B-00C04F79EFBC}") = "Translator", "Translator\Translator.csproj", "{DDD43721-3193-4581-981D-6CEF65E10A3F}"
	ProjectSection(ProjectDependencies) = postProject
	EndProjectSection
EndProject
Project("{FAE04EC0-301F-11D3-BF4B-00C04F79EFBC}") = "Tools", "Tools\Tools.csproj", "{892D1D4B-AFDE-4E3A-9612-36399C20969C}"
	ProjectSection(ProjectDependencies) = postProject
	EndProjectSection
EndProject
Global
	GlobalSection(SolutionConfiguration) = preSolution
		Debug = Debug
		Release = Release
	EndGlobalSection
	GlobalSection(ProjectConfiguration) = postSolution
		{FE26BEB4-9DA2-4E76-A578-A0CF66E23683}.Debug.ActiveCfg = Debug|.NET
		{FE26BEB4-9DA2-4E76-A578-A0CF66E23683}.Debug.Build.0 = Debug|.NET
		{FE26BEB4-9DA2-4E76-A578-A0CF66E23683}.Release.ActiveCfg = Release|.NET
		{FE26BEB4-9DA2-4E76-A578-A0CF66E23683}.Release.Build.0 = Release|.NET
		{73DA1909-A592-4654-8E47-FD8982E851F9}.Debug.ActiveCfg = Debug|.NET
		{73DA1909-A592-4654-8E47-FD8982E851F9}.Debug.Build.0 = Debug|.NET
		{73DA1909-A592-4654-8E47-FD8982E851F9}.Release.ActiveCfg = Release|.NET
		{73DA1909-A592-4654-8E47-FD8982E851F9}.Release.Build.0 = Release|.NET
		{F96147B6-F00B-49D6-977D-F4F1C03FD63E}.Debug.ActiveCfg = Debug|.NET
		{F96147B6-F00B-49D6-977D-F4F1C03FD63E}.Debug.Build.0 = Debug|.NET
		{F96147B6-F00B-49D6-977D-F4F1C03FD63E}.Release.ActiveCfg = Release|.NET
		{F96147B6-F00B-49D6-977D-F4F1C03FD63E}.Release.Build.0 = Release|.NET
		{2D067D62-57B1-41F7-A457-23790A7EE5C7}.Debug.ActiveCfg = Debug|.NET
		{2D067D62-57B1-41F7-A457-23790A7EE5C7}.Debug.Build.0 = Debug|.NET
		{2D067D62-57B1-41F7-A457-23790A7EE5C7}.Release.ActiveCfg = Release|.NET
		{2D067D62-57B1-41F7-A457-23790A7EE5C7}.Release.Build.0 = Release|.NET
		{DDD43721-3193-4581-981D-6CEF65E10A3F}.Debug.ActiveCfg = Debug|.NET
		{DDD43721-3193-4581-981D-6CEF65E10A3F}.Debug.Build.0 = Debug|.NET
		{DDD43721-3193-4581-981D-6CEF65E10A3F}.Release.ActiveCfg = Release|.NET
		{DDD43721-3193-4581-981D-6CEF65E10A3F}.Release.Build.0 = Release|.NET
		{892D1D4B-AFDE-4E3A-9612-36399C20969C}.Debug.ActiveCfg = Debug|.NET
		{892D1D4B-AFDE-4E3A-9612-36399C20969C}.Debug.Build.0 = Debug|.NET
		{892D1D4B-AFDE-4E3A-9612-36399C20969C}.Release.ActiveCfg = Release|.NET
		{892D1D4B-AFDE-4E3A-9612-36399C20969C}.Release.Build.0 = Release|.NET
	EndGlobalSection
	GlobalSection(SolutionItems) = postSolution
		Translator\bin\Debug\Exception.txt = Translator\bin\Debug\Exception.txt
		..\Janett.build = ..\Janett.build
	EndGlobalSection
	GlobalSection(ExtensibilityGlobals) = postSolution
	EndGlobalSection
	GlobalSection(ExtensibilityAddIns) = postSolution
	EndGlobalSection
EndGlobal
